
Microsoft Visual Studio Solution File, Format Version 12.00
# Visual Studio Version 16
VisualStudioVersion = 16.0.31005.135
MinimumVisualStudioVersion = 10.0.40219.1
Project("{FAE04EC0-301F-11D3-BF4B-00C04F79EFBC}") = "WebApiEntityFrameWork", "WebApiEntityFrameWork.csproj", "{866C3367-952E-4FD0-850A-4C94240BC3D7}"
EndProject
Global
	GlobalSection(SolutionConfigurationPlatforms) = preSolution
		Debug|Any CPU = Debug|Any CPU
		Release|Any CPU = Release|Any CPU
	EndGlobalSection
	GlobalSection(ProjectConfigurationPlatforms) = postSolution
		{866C3367-952E-4FD0-850A-4C94240BC3D7}.Debug|Any CPU.ActiveCfg = Debug|Any CPU
		{866C3367-952E-4FD0-850A-4C94240BC3D7}.Debug|Any CPU.Build.0 = Debug|Any CPU
		{866C3367-952E-4FD0-850A-4C94240BC3D7}.Release|Any CPU.ActiveCfg = Release|Any CPU
		{866C3367-952E-4FD0-850A-4C94240BC3D7}.Release|Any CPU.Build.0 = Release|Any CPU
	EndGlobalSection
	GlobalSection(SolutionProperties) = preSolution
		HideSolutionNode = FALSE
	EndGlobalSection
	GlobalSection(ExtensibilityGlobals) = postSolution
		SolutionGuid = {40D13DE6-A87B-471E-8201-ACA2F09587DA}
	EndGlobalSection
EndGlobal
